github.com/caarlos0/env v3.5.0+incompatible h1:Yy0UN8o9Wtr/jGHZDpCBLpNrzcFLLM2yixi/rBrKyJs=
github.com/caarlos0/env v3.5.0+incompatible/go.mod h1:tdCsowwCzMLdkqRYDlHpZCp2UooDD3MspDBjZ2AD02Y=
github.com/caarlos0/env/v6 v6.0.0 h1:NZt6FAoB8ieKO5lEwRdwCzYxWFx7ZYF2R7UcoyaWtyc=
github.com/caarlos0/env/v6 v6.0.0/go.mod h1:+wdyOmtjoZIW2GJOc2OYa5NoOFuWD/bIpWqm30NgtRk=
github.com/christianrondeau/go-wit v0.0.0-20170831224739-d540d3cc2c3d h1:qC+uXkcH60U+paOV00Fvk9lL13QkMlnUn24rvQ/DRBU=
github.com/christianrondeau/go-wit v0.0.0-20170831224739-d540d3cc2c3d/go.mod h1:EXYV5OXikg2DUpkSyNARnLm0DbaDsdgjJ1FQLlHuiFY=
github.com/davecgh/go-spew v1.1.0 h1:ZDRjVQ15GmhC3fiQ8ni8+OwkZQO4DARzQgrnXU1Liz8=
github.com/davecgh/go-spew v1.1.0/go.mod h1:J7Y8YcW2NihsgmVo/mv3lAwl/skON4iLHjSsI+c5H38=
github.com/google/logger v0.0.0-20181112113803-324a7c096a0d h1:1YC9w0bRU6LRB8JEapVhbfB2Iiewl2NsX39p8uxrKbk=
github.com/google/logger v0.0.0-20181112113803-324a7c096a0d/go.mod h1:tQN+I/DyBt051hEHNEzPgIeyy/GD1WJaKbqPScoDKdY=
github.com/line/line-bot-sdk-go v4.1.0+incompatible h1:07NfQUT+qZLU75sWbyl2nDJbYZRCbhonhuDs6fZwPus=
github.com/line/line-bot-sdk-go v4.1.0+incompatible/go.mod h1:0RjLjJEAU/3GIcHkC3av6O4jInAbt25nnZVmOFUgDBg=
github.com/mitchellh/mapstructure v1.1.2 h1:fmNYVwqnSfB9mZU6OS2O6GsXM+wcskZDuKQzvN1EDeE=
github.com/mitchellh/mapstructure v1.1.2/go.mod h1:FVVH3fgwuzCH5S8UJGiWEs2h04kUh9fWfEaFds41c1Y=
github.com/pkg/errors v0.8.0 h1:WdK/asTD0HN+q6hsWO3/vpuAkAr+tw6aNJNDFFf0+qw=
github.com/pkg/errors v0.8.0/go.mod h1:bwawxfHBFNV+L2hUp1rHADufV3IMtnDRdf1r5NINEl0=
github.com/pmezard/go-difflib v1.0.0 h1:4DBwDE0NGyQoBHbLQYPwSUPoCMWR5BEzIk/f1lZbAQM=
github.com/pmezard/go-difflib v1.0.0/go.mod h1:iKH77koFhYxTK1pcRnkKkqfTogsbg7gZNVY4sRDYZ/4=
github.com/stretchr/objx v0.1.0/go.mod h1:HFkY916IF+rwdDfMAkV7OtwuqBVzrE8GR6GFx+wExME=
github.com/stretchr/testify v1.3.0 h1:TivCn/peBQ7UY8ooIcPgZFpTNSz0Q2U6UrFlUfqbe0Q=
github.com/stretchr/testify v1.3.0/go.mod h1:M5WIy9Dh21IEIfnGCwXGc5bZfKNJtfHm1UVUgZn+9EI=
github.com/wit-ai/wit-go v1.0.6 h1:1En762rRsS8Fo8aTNTuwVLOQMnLOSSRETp0C99HF6Rg=
github.com/wit-ai/wit-go v1.0.6/go.mod h1:WUgVBUtWT9AOYmTcR8paN36cTe4SseLk6Y6grvnGVFw=
golang.org/x/sys v0.0.0-20181128092732-4ed8d59d0b35 h1:YAFjXN64LMvktoUZH9zgY4lGc/msGN7HQfoSuKCgaDU=
golang.org/x/sys v0.0.0-20181128092732-4ed8d59d0b35/go.mod h1:STP8DvDyc/dI5b8T5hshtkjS+E42TnysNCUPdjciGhY=
