github.com/google/logger v0.0.0-20181112113803-324a7c096a0d h1:1YC9w0bRU6LRB8JEapVhbfB2Iiewl2NsX39p8uxrKbk=
github.com/google/logger v0.0.0-20181112113803-324a7c096a0d/go.mod h1:tQN+I/DyBt051hEHNEzPgIeyy/GD1WJaKbqPScoDKdY=
github.com/line/line-bot-sdk-go v4.1.0+incompatible h1:07NfQUT+qZLU75sWbyl2nDJbYZRCbhonhuDs6fZwPus=
github.com/line/line-bot-sdk-go v4.1.0+incompatible/go.mod h1:0RjLjJEAU/3GIcHkC3av6O4jInAbt25nnZVmOFUgDBg=
github.com/pkg/errors v0.8.0 h1:WdK/asTD0HN+q6hsWO3/vpuAkAr+tw6aNJNDFFf0+qw=
github.com/pkg/errors v0.8.0/go.mod h1:bwawxfHBFNV+L2hUp1rHADufV3IMtnDRdf1r5NINEl0=
golang.org/x/sys v0.0.0-20181128092732-4ed8d59d0b35 h1:YAFjXN64LMvktoUZH9zgY4lGc/msGN7HQfoSuKCgaDU=
golang.org/x/sys v0.0.0-20181128092732-4ed8d59d0b35/go.mod h1:STP8DvDyc/dI5b8T5hshtkjS+E42TnysNCUPdjciGhY=
